
Microsoft Visual Studio Solution File, Format Version 12.00
# Visual Studio Version 17
VisualStudioVersion = 17.8.34525.116
MinimumVisualStudioVersion = 10.0.40219.1
Project("{FAE04EC0-301F-11D3-BF4B-00C04F79EFBC}") = "SistemaBancoFront", "SistemaBancoFront\SistemaBancoFront.csproj", "{8D2BEE5A-5E88-488E-8283-B48C4BAA1E18}"
EndProject
Global
	GlobalSection(SolutionConfigurationPlatforms) = preSolution
		Debug|Any CPU = Debug|Any CPU
		Release|Any CPU = Release|Any CPU
	EndGlobalSection
	GlobalSection(ProjectConfigurationPlatforms) = postSolution
		{8D2BEE5A-5E88-488E-8283-B48C4BAA1E18}.Debug|Any CPU.ActiveCfg = Debug|Any CPU
		{8D2BEE5A-5E88-488E-8283-B48C4BAA1E18}.Debug|Any CPU.Build.0 = Debug|Any CPU
		{8D2BEE5A-5E88-488E-8283-B48C4BAA1E18}.Release|Any CPU.ActiveCfg = Release|Any CPU
		{8D2BEE5A-5E88-488E-8283-B48C4BAA1E18}.Release|Any CPU.Build.0 = Release|Any CPU
	EndGlobalSection
	GlobalSection(SolutionProperties) = preSolution
		HideSolutionNode = FALSE
	EndGlobalSection
	GlobalSection(ExtensibilityGlobals) = postSolution
		SolutionGuid = {47681769-5B67-484B-8645-581B660AFEA5}
	EndGlobalSection
EndGlobal
